
Microsoft Visual Studio Solution File, Format Version 12.00
# Visual Studio Version 16
VisualStudioVersion = 16.0.30517.126
MinimumVisualStudioVersion = 10.0.40219.1
Project("{FAE04EC0-301F-11D3-BF4B-00C04F79EFBC}") = "ReadFileUwp", "ReadFileUwp\ReadFileUwp.csproj", "{39835DBA-91B1-4D3A-B25E-011EC696A561}"
EndProject
Global
	GlobalSection(SolutionConfigurationPlatforms) = preSolution
		Debug|Any CPU = Debug|Any CPU
		Debug|ARM = Debug|ARM
		Debug|ARM64 = Debug|ARM64
		Debug|x64 = Debug|x64
		Debug|x86 = Debug|x86
		Release|Any CPU = Release|Any CPU
		Release|ARM = Release|ARM
		Release|ARM64 = Release|ARM64
		Release|x64 = Release|x64
		Release|x86 = Release|x86
	EndGlobalSection
	GlobalSection(ProjectConfigurationPlatforms) = postSolution
		{39835DBA-91B1-4D3A-B25E-011EC696A561}.Debug|Any CPU.ActiveCfg = Debug|x86
		{39835DBA-91B1-4D3A-B25E-011EC696A561}.Debug|ARM.ActiveCfg = Debug|ARM
		{39835DBA-91B1-4D3A-B25E-011EC696A561}.Debug|ARM.Build.0 = Debug|ARM
		{39835DBA-91B1-4D3A-B25E-011EC696A561}.Debug|ARM.Deploy.0 = Debug|ARM
		{39835DBA-91B1-4D3A-B25E-011EC696A561}.Debug|ARM64.ActiveCfg = Debug|ARM64
		{39835DBA-91B1-4D3A-B25E-011EC696A561}.Debug|ARM64.Build.0 = Debug|ARM64
		{39835DBA-91B1-4D3A-B25E-011EC696A561}.Debug|ARM64.Deploy.0 = Debug|ARM64
		{39835DBA-91B1-4D3A-B25E-011EC696A561}.Debug|x64.ActiveCfg = Debug|x64
		{39835DBA-91B1-4D3A-B25E-011EC696A561}.Debug|x64.Build.0 = Debug|x64
		{39835DBA-91B1-4D3A-B25E-011EC696A561}.Debug|x64.Deploy.0 = Debug|x64
		{39835DBA-91B1-4D3A-B25E-011EC696A561}.Debug|x86.ActiveCfg = Debug|x86
		{39835DBA-91B1-4D3A-B25E-011EC696A561}.Debug|x86.Build.0 = Debug|x86
		{39835DBA-91B1-4D3A-B25E-011EC696A561}.Debug|x86.Deploy.0 = Debug|x86
		{39835DBA-91B1-4D3A-B25E-011EC696A561}.Release|Any CPU.ActiveCfg = Release|x86
		{39835DBA-91B1-4D3A-B25E-011EC696A561}.Release|ARM.ActiveCfg = Release|ARM
		{39835DBA-91B1-4D3A-B25E-011EC696A561}.Release|ARM.Build.0 = Release|ARM
		{39835DBA-91B1-4D3A-B25E-011EC696A561}.Release|ARM.Deploy.0 = Release|ARM
		{39835DBA-91B1-4D3A-B25E-011EC696A561}.Release|ARM64.ActiveCfg = Release|ARM64
		{39835DBA-91B1-4D3A-B25E-011EC696A561}.Release|ARM64.Build.0 = Release|ARM64
		{39835DBA-91B1-4D3A-B25E-011EC696A561}.Release|ARM64.Deploy.0 = Release|ARM64
		{39835DBA-91B1-4D3A-B25E-011EC696A561}.Release|x64.ActiveCfg = Release|x64
		{39835DBA-91B1-4D3A-B25E-011EC696A561}.Release|x64.Build.0 = Release|x64
		{39835DBA-91B1-4D3A-B25E-011EC696A561}.Release|x64.Deploy.0 = Release|x64
		{39835DBA-91B1-4D3A-B25E-011EC696A561}.Release|x86.ActiveCfg = Release|x86
		{39835DBA-91B1-4D3A-B25E-011EC696A561}.Release|x86.Build.0 = Release|x86
		{39835DBA-91B1-4D3A-B25E-011EC696A561}.Release|x86.Deploy.0 = Release|x86
	EndGlobalSection
	GlobalSection(SolutionProperties) = preSolution
		HideSolutionNode = FALSE
	EndGlobalSection
	GlobalSection(ExtensibilityGlobals) = postSolution
		SolutionGuid = {C0AB8D28-B90D-4AED-B93F-665BD100070B}
	EndGlobalSection
EndGlobal
